// !$*UTF8*$!
{
	archiveVersion = 1;
	classes = {
	};
	objectVersion = 77;
	objects = {

/* Begin PBXContainerItemProxy section */
		1128B2702DE057AA00BC12DB /* PBXContainerItemProxy */ = {
			isa = PBXContainerItemProxy;
			containerPortal = 1128B25A2DE057A800BC12DB /* Project object */;
			proxyType = 1;
			remoteGlobalIDString = 1128B2612DE057A800BC12DB;
			remoteInfo = "Know-howForSwift";
		};
		1128B27A2DE057AA00BC12DB /* PBXContainerItemProxy */ = {
			isa = PBXContainerItemProxy;
			containerPortal = 1128B25A2DE057A800BC12DB /* Project object */;
			proxyType = 1;
			remoteGlobalIDString = 1128B2612DE057A800BC12DB;
			remoteInfo = "Know-howForSwift";
		};
/* End PBXContainerItemProxy section */

/* Begin PBXFileReference section */
		1128B2622DE057A800BC12DB /* Know-howForSwift.app */ = {isa = PBXFileReference; explicitFileType = wrapper.application; includeInIndex = 0; path = "Know-howForSwift.app"; sourceTree = BUILT_PRODUCTS_DIR; };
		1128B26F2DE057AA00BC12DB /* Know-howForSwiftTests.xctest */ = {isa = PBXFileReference; explicitFileType = wrapper.cfbundle; includeInIndex = 0; path = "Know-howForSwiftTests.xctest"; sourceTree = BUILT_PRODUCTS_DIR; };
		1128B2792DE057AA00BC12DB /* Know-howForSwiftUITests.xctest */ = {isa = PBXFileReference; explicitFileType = wrapper.cfbundle; includeInIndex = 0; path = "Know-howForSwiftUITests.xctest"; sourceTree = BUILT_PRODUCTS_DIR; };
/* End PBXFileReference section */

/* Begin PBXFileSystemSynchronizedRootGroup section */
		1128B2642DE057A800BC12DB /* Know-howForSwift */ = {
			isa = PBXFileSystemSynchronizedRootGroup;
			path = "Know-howForSwift";
			sourceTree = "<group>";
		};
		1128B2722DE057AA00BC12DB /* Know-howForSwiftTests */ = {
			isa = PBXFileSystemSynchronizedRootGroup;
			path = "Know-howForSwiftTests";
			sourceTree = "<group>";
		};
		1128B27C2DE057AA00BC12DB /* Know-howForSwiftUITests */ = {
			isa = PBXFileSystemSynchronizedRootGroup;
			path = "Know-howForSwiftUITests";
			sourceTree = "<group>";
		};
/* End PBXFileSystemSynchronizedRootGroup section */

/* Begin PBXFrameworksBuildPhase section */
		1128B25F2DE057A800BC12DB /* Frameworks */ = {
			isa = PBXFrameworksBuildPhase;
			buildActionMask = 2147483647;
			files = (
			);
			runOnlyForDeploymentPostprocessing = 0;
		};
		1128B26C2DE057AA00BC12DB /* Frameworks */ = {
			isa = PBXFrameworksBuildPhase;
			buildActionMask = 2147483647;
			files = (
			);
			runOnlyForDeploymentPostprocessing = 0;
		};
		1128B2762DE057AA00BC12DB /* Frameworks */ = {
			isa = PBXFrameworksBuildPhase;
			buildActionMask = 2147483647;
			files = (
			);
			runOnlyForDeploymentPostprocessing = 0;
		};
/* End PBXFrameworksBuildPhase section */

/* Begin PBXGroup section */
		1128B2592DE057A800BC12DB = {
			isa = PBXGroup;
			children = (
				1128B2642DE057A800BC12DB /* Know-howForSwift */,
				1128B2722DE057AA00BC12DB /* Know-howForSwiftTests */,
				1128B27C2DE057AA00BC12DB /* Know-howForSwiftUITests */,
				1128B2632DE057A800BC12DB /* Products */,
			);
			sourceTree = "<group>";
		};
		1128B2632DE057A800BC12DB /* Products */ = {
			isa = PBXGroup;
			children = (
				1128B2622DE057A800BC12DB /* Know-howForSwift.app */,
				1128B26F2DE057AA00BC12DB /* Know-howForSwiftTests.xctest */,
				1128B2792DE057AA00BC12DB /* Know-howForSwiftUITests.xctest */,
			);
			name = Products;
			sourceTree = "<group>";
		};
/* End PBXGroup section */

/* Begin PBXNativeTarget section */
		1128B2612DE057A800BC12DB /* Know-howForSwift */ = {
			isa = PBXNativeTarget;
			buildConfigurationList = 1128B2832DE057AA00BC12DB /* Build configuration list for PBXNativeTarget "Know-howForSwift" */;
			buildPhases = (
				1128B25E2DE057A800BC12DB /* Sources */,
				1128B25F2DE057A800BC12DB /* Frameworks */,
				1128B2602DE057A800BC12DB /* Resources */,
			);
			buildRules = (
			);
			dependencies = (
			);
			fileSystemSynchronizedGroups = (
				1128B2642DE057A800BC12DB /* Know-howForSwift */,
			);
			name = "Know-howForSwift";
			packageProductDependencies = (
			);
			productName = "Know-howForSwift";
			productReference = 1128B2622DE057A800BC12DB /* Know-howForSwift.app */;
			productType = "com.apple.product-type.application";
		};
		1128B26E2DE057AA00BC12DB /* Know-howForSwiftTests */ = {
			isa = PBXNativeTarget;
			buildConfigurationList = 1128B2862DE057AA00BC12DB /* Build configuration list for PBXNativeTarget "Know-howForSwiftTests" */;
			buildPhases = (
				1128B26B2DE057AA00BC12DB /* Sources */,
				1128B26C2DE057AA00BC12DB /* Frameworks */,
				1128B26D2DE057AA00BC12DB /* Resources */,
			);
			buildRules = (
			);
			dependencies = (
				1128B2712DE057AA00BC12DB /* PBXTargetDependency */,
			);
			fileSystemSynchronizedGroups = (
				1128B2722DE057AA00BC12DB /* Know-howForSwiftTests */,
			);
			name = "Know-howForSwiftTests";
			packageProductDependencies = (
			);
			productName = "Know-howForSwiftTests";
			productReference = 1128B26F2DE057AA00BC12DB /* Know-howForSwiftTests.xctest */;
			productType = "com.apple.product-type.bundle.unit-test";
		};
		1128B2782DE057AA00BC12DB /* Know-howForSwiftUITests */ = {
			isa = PBXNativeTarget;
			buildConfigurationList = 1128B2892DE057AA00BC12DB /* Build configuration list for PBXNativeTarget "Know-howForSwiftUITests" */;
			buildPhases = (
				1128B2752DE057AA00BC12DB /* Sources */,
				1128B2762DE057AA00BC12DB /* Frameworks */,
				1128B2772DE057AA00BC12DB /* Resources */,
			);
			buildRules = (
			);
			dependencies = (
				1128B27B2DE057AA00BC12DB /* PBXTargetDependency */,
			);
			fileSystemSynchronizedGroups = (
				1128B27C2DE057AA00BC12DB /* Know-howForSwiftUITests */,
			);
			name = "Know-howForSwiftUITests";
			packageProductDependencies = (
			);
			productName = "Know-howForSwiftUITests";
			productReference = 1128B2792DE057AA00BC12DB /* Know-howForSwiftUITests.xctest */;
			productType = "com.apple.product-type.bundle.ui-testing";
		};
/* End PBXNativeTarget section */

/* Begin PBXProject section */
		1128B25A2DE057A800BC12DB /* Project object */ = {
			isa = PBXProject;
			attributes = {
				BuildIndependentTargetsInParallel = 1;
				LastSwiftUpdateCheck = 1630;
				LastUpgradeCheck = 1630;
				TargetAttributes = {
					1128B2612DE057A800BC12DB = {
						CreatedOnToolsVersion = 16.3;
					};
					1128B26E2DE057AA00BC12DB = {
						CreatedOnToolsVersion = 16.3;
						TestTargetID = 1128B2612DE057A800BC12DB;
					};
					1128B2782DE057AA00BC12DB = {
						CreatedOnToolsVersion = 16.3;
						TestTargetID = 1128B2612DE057A800BC12DB;
					};
				};
			};
			buildConfigurationList = 1128B25D2DE057A800BC12DB /* Build configuration list for PBXProject "Know-howForSwift" */;
			developmentRegion = en;
			hasScannedForEncodings = 0;
			knownRegions = (
				en,
				Base,
			);
			mainGroup = 1128B2592DE057A800BC12DB;
			minimizedProjectReferenceProxies = 1;
			preferredProjectObjectVersion = 77;
			productRefGroup = 1128B2632DE057A800BC12DB /* Products */;
			projectDirPath = "";
			projectRoot = "";
			targets = (
				1128B2612DE057A800BC12DB /* Know-howForSwift */,
				1128B26E2DE057AA00BC12DB /* Know-howForSwiftTests */,
				1128B2782DE057AA00BC12DB /* Know-howForSwiftUITests */,
			);
		};
/* End PBXProject section */

/* Begin PBXResourcesBuildPhase section */
		1128B2602DE057A800BC12DB /* Resources */ = {
			isa = PBXResourcesBuildPhase;
			buildActionMask = 2147483647;
			files = (
			);
			runOnlyForDeploymentPostprocessing = 0;
		};
		1128B26D2DE057AA00BC12DB /* Resources */ = {
			isa = PBXResourcesBuildPhase;
			buildActionMask = 2147483647;
			files = (
			);
			runOnlyForDeploymentPostprocessing = 0;
		};
		1128B2772DE057AA00BC12DB /* Resources */ = {
			isa = PBXResourcesBuildPhase;
			buildActionMask = 2147483647;
			files = (
			);
			runOnlyForDeploymentPostprocessing = 0;
		};
/* End PBXResourcesBuildPhase section */

/* Begin PBXSourcesBuildPhase section */
		1128B25E2DE057A800BC12DB /* Sources */ = {
			isa = PBXSourcesBuildPhase;
			buildActionMask = 2147483647;
			files = (
			);
			runOnlyForDeploymentPostprocessing = 0;
		};
		1128B26B2DE057AA00BC12DB /* Sources */ = {
			isa = PBXSourcesBuildPhase;
			buildActionMask = 2147483647;
			files = (
			);
			runOnlyForDeploymentPostprocessing = 0;
		};
		1128B2752DE057AA00BC12DB /* Sources */ = {
			isa = PBXSourcesBuildPhase;
			buildActionMask = 2147483647;
			files = (
			);
			runOnlyForDeploymentPostprocessing = 0;
		};
/* End PBXSourcesBuildPhase section */

/* Begin PBXTargetDependency section */
		1128B2712DE057AA00BC12DB /* PBXTargetDependency */ = {
			isa = PBXTargetDependency;
			target = 1128B2612DE057A800BC12DB /* Know-howForSwift */;
			targetProxy = 1128B2702DE057AA00BC12DB /* PBXContainerItemProxy */;
		};
		1128B27B2DE057AA00BC12DB /* PBXTargetDependency */ = {
			isa = PBXTargetDependency;
			target = 1128B2612DE057A800BC12DB /* Know-howForSwift */;
			targetProxy = 1128B27A2DE057AA00BC12DB /* PBXContainerItemProxy */;
		};
/* End PBXTargetDependency section */

/* Begin XCBuildConfiguration section */
		1128B2812DE057AA00BC12DB /* Debug */ = {
			isa = XCBuildConfiguration;
			buildSettings = {
				ALWAYS_SEARCH_USER_PATHS = NO;
				ASSETCATALOG_COMPILER_GENERATE_SWIFT_ASSET_SYMBOL_EXTENSIONS = YES;
				CLANG_ANALYZER_NONNULL = YES;
				CLANG_ANALYZER_NUMBER_OBJECT_CONVERSION = YES_AGGRESSIVE;
				CLANG_CXX_LANGUAGE_STANDARD = "gnu++20";
				CLANG_ENABLE_MODULES = YES;
				CLANG_ENABLE_OBJC_ARC = YES;
				CLANG_ENABLE_OBJC_WEAK = YES;
				CLANG_WARN_BLOCK_CAPTURE_AUTORELEASING = YES;
				CLANG_WARN_BOOL_CONVERSION = YES;
				CLANG_WARN_COMMA = YES;
				CLANG_WARN_CONSTANT_CONVERSION = YES;
				CLANG_WARN_DEPRECATED_OBJC_IMPLEMENTATIONS = YES;
				CLANG_WARN_DIRECT_OBJC_ISA_USAGE = YES_ERROR;
				CLANG_WARN_DOCUMENTATION_COMMENTS = YES;
				CLANG_WARN_EMPTY_BODY = YES;
				CLANG_WARN_ENUM_CONVERSION = YES;
				CLANG_WARN_INFINITE_RECURSION = YES;
				CLANG_WARN_INT_CONVERSION = YES;
				CLANG_WARN_NON_LITERAL_NULL_CONVERSION = YES;
				CLANG_WARN_OBJC_IMPLICIT_RETAIN_SELF = YES;
				CLANG_WARN_OBJC_LITERAL_CONVERSION = YES;
				CLANG_WARN_OBJC_ROOT_CLASS = YES_ERROR;
				CLANG_WARN_QUOTED_INCLUDE_IN_FRAMEWORK_HEADER = YES;
				CLANG_WARN_RANGE_LOOP_ANALYSIS = YES;
				CLANG_WARN_STRICT_PROTOTYPES = YES;
				CLANG_WARN_SUSPICIOUS_MOVE = YES;
				CLANG_WARN_UNGUARDED_AVAILABILITY = YES_AGGRESSIVE;
				CLANG_WARN_UNREACHABLE_CODE = YES;
				CLANG_WARN__DUPLICATE_METHOD_MATCH = YES;
				COPY_PHASE_STRIP = NO;
				DEBUG_INFORMATION_FORMAT = dwarf;
				ENABLE_STRICT_OBJC_MSGSEND = YES;
				ENABLE_TESTABILITY = YES;
				ENABLE_USER_SCRIPT_SANDBOXING = YES;
				GCC_C_LANGUAGE_STANDARD = gnu17;
				GCC_DYNAMIC_NO_PIC = NO;
				GCC_NO_COMMON_BLOCKS = YES;
				GCC_OPTIMIZATION_LEVEL = 0;
				GCC_PREPROCESSOR_DEFINITIONS = (
					"DEBUG=1",
					"$(inherited)",
				);
				GCC_WARN_64_TO_32_BIT_CONVERSION = YES;
				GCC_WARN_ABOUT_RETURN_TYPE = YES_ERROR;
				GCC_WARN_UNDECLARED_SELECTOR = YES;
				GCC_WARN_UNINITIALIZED_AUTOS = YES_AGGRESSIVE;
				GCC_WARN_UNUSED_FUNCTION = YES;
				GCC_WARN_UNUSED_VARIABLE = YES;
				IPHONEOS_DEPLOYMENT_TARGET = 18.4;
				LOCALIZATION_PREFERS_STRING_CATALOGS = YES;
				MTL_ENABLE_DEBUG_INFO = INCLUDE_SOURCE;
				MTL_FAST_MATH = YES;
				ONLY_ACTIVE_ARCH = YES;
				SDKROOT = iphoneos;
				SWIFT_ACTIVE_COMPILATION_CONDITIONS = "DEBUG $(inherited)";
				SWIFT_OPTIMIZATION_LEVEL = "-Onone";
			};
			name = Debug;
		};
		1128B2822DE057AA00BC12DB /* Release */ = {
			isa = XCBuildConfiguration;
			buildSettings = {
				ALWAYS_SEARCH_USER_PATHS = NO;
				ASSETCATALOG_COMPILER_GENERATE_SWIFT_ASSET_SYMBOL_EXTENSIONS = YES;
				CLANG_ANALYZER_NONNULL = YES;
				CLANG_ANALYZER_NUMBER_OBJECT_CONVERSION = YES_AGGRESSIVE;
				CLANG_CXX_LANGUAGE_STANDARD = "gnu++20";
				CLANG_ENABLE_MODULES = YES;
				CLANG_ENABLE_OBJC_ARC = YES;
				CLANG_ENABLE_OBJC_WEAK = YES;
				CLANG_WARN_BLOCK_CAPTURE_AUTORELEASING = YES;
				CLANG_WARN_BOOL_CONVERSION = YES;
				CLANG_WARN_COMMA = YES;
				CLANG_WARN_CONSTANT_CONVERSION = YES;
				CLANG_WARN_DEPRECATED_OBJC_IMPLEMENTATIONS = YES;
				CLANG_WARN_DIRECT_OBJC_ISA_USAGE = YES_ERROR;
				CLANG_WARN_DOCUMENTATION_COMMENTS = YES;
				CLANG_WARN_EMPTY_BODY = YES;
				CLANG_WARN_ENUM_CONVERSION = YES;
				CLANG_WARN_INFINITE_RECURSION = YES;
				CLANG_WARN_INT_CONVERSION = YES;
				CLANG_WARN_NON_LITERAL_NULL_CONVERSION = YES;
				CLANG_WARN_OBJC_IMPLICIT_RETAIN_SELF = YES;
				CLANG_WARN_OBJC_LITERAL_CONVERSION = YES;
				CLANG_WARN_OBJC_ROOT_CLASS = YES_ERROR;
				CLANG_WARN_QUOTED_INCLUDE_IN_FRAMEWORK_HEADER = YES;
				CLANG_WARN_RANGE_LOOP_ANALYSIS = YES;
				CLANG_WARN_STRICT_PROTOTYPES = YES;
				CLANG_WARN_SUSPICIOUS_MOVE = YES;
				CLANG_WARN_UNGUARDED_AVAILABILITY = YES_AGGRESSIVE;
				CLANG_WARN_UNREACHABLE_CODE = YES;
				CLANG_WARN__DUPLICATE_METHOD_MATCH = YES;
				COPY_PHASE_STRIP = NO;
				DEBUG_INFORMATION_FORMAT = "dwarf-with-dsym";
				ENABLE_NS_ASSERTIONS = NO;
				ENABLE_STRICT_OBJC_MSGSEND = YES;
				ENABLE_USER_SCRIPT_SANDBOXING = YES;
				GCC_C_LANGUAGE_STANDARD = gnu17;
				GCC_NO_COMMON_BLOCKS = YES;
				GCC_WARN_64_TO_32_BIT_CONVERSION = YES;
				GCC_WARN_ABOUT_RETURN_TYPE = YES_ERROR;
				GCC_WARN_UNDECLARED_SELECTOR = YES;
				GCC_WARN_UNINITIALIZED_AUTOS = YES_AGGRESSIVE;
				GCC_WARN_UNUSED_FUNCTION = YES;
				GCC_WARN_UNUSED_VARIABLE = YES;
				IPHONEOS_DEPLOYMENT_TARGET = 18.4;
				LOCALIZATION_PREFERS_STRING_CATALOGS = YES;
				MTL_ENABLE_DEBUG_INFO = NO;
				MTL_FAST_MATH = YES;
				SDKROOT = iphoneos;
				SWIFT_COMPILATION_MODE = wholemodule;
				VALIDATE_PRODUCT = YES;
			};
			name = Release;
		};
		1128B2842DE057AA00BC12DB /* Debug */ = {
			isa = XCBuildConfiguration;
			buildSettings = {
				ASSETCATALOG_COMPILER_APPICON_NAME = AppIcon;
				ASSETCATALOG_COMPILER_GLOBAL_ACCENT_COLOR_NAME = AccentColor;
				CODE_SIGN_STYLE = Automatic;
				CURRENT_PROJECT_VERSION = 1;
				ENABLE_PREVIEWS = YES;
				GENERATE_INFOPLIST_FILE = YES;
				INFOPLIST_KEY_UIApplicationSceneManifest_Generation = YES;
				INFOPLIST_KEY_UIApplicationSupportsIndirectInputEvents = YES;
				INFOPLIST_KEY_UILaunchScreen_Generation = YES;
				INFOPLIST_KEY_UISupportedInterfaceOrientations_iPad = "UIInterfaceOrientationPortrait UIInterfaceOrientationPortraitUpsideDown UIInterfaceOrientationLandscapeLeft UIInterfaceOrientationLandscapeRight";
				INFOPLIST_KEY_UISupportedInterfaceOrientations_iPhone = "UIInterfaceOrientationPortrait UIInterfaceOrientationLandscapeLeft UIInterfaceOrientationLandscapeRight";
				LD_RUNPATH_SEARCH_PATHS = (
					"$(inherited)",
					"@executable_path/Frameworks",
				);
				MARKETING_VERSION = 1.0;
				PRODUCT_BUNDLE_IDENTIFIER = "mlb21009a.Know-howForSwift";
				PRODUCT_NAME = "$(TARGET_NAME)";
				SWIFT_EMIT_LOC_STRINGS = YES;
				SWIFT_VERSION = 6.0;
				TARGETED_DEVICE_FAMILY = "1,2";
			};
			name = Debug;
		};
		1128B2852DE057AA00BC12DB /* Release */ = {
			isa = XCBuildConfiguration;
			buildSettings = {
				ASSETCATALOG_COMPILER_APPICON_NAME = AppIcon;
				ASSETCATALOG_COMPILER_GLOBAL_ACCENT_COLOR_NAME = AccentColor;
				CODE_SIGN_STYLE = Automatic;
				CURRENT_PROJECT_VERSION = 1;
				ENABLE_PREVIEWS = YES;
				GENERATE_INFOPLIST_FILE = YES;
				INFOPLIST_KEY_UIApplicationSceneManifest_Generation = YES;
				INFOPLIST_KEY_UIApplicationSupportsIndirectInputEvents = YES;
				INFOPLIST_KEY_UILaunchScreen_Generation = YES;
				INFOPLIST_KEY_UISupportedInterfaceOrientations_iPad = "UIInterfaceOrientationPortrait UIInterfaceOrientationPortraitUpsideDown UIInterfaceOrientationLandscapeLeft UIInterfaceOrientationLandscapeRight";
				INFOPLIST_KEY_UISupportedInterfaceOrientations_iPhone = "UIInterfaceOrientationPortrait UIInterfaceOrientationLandscapeLeft UIInterfaceOrientationLandscapeRight";
				LD_RUNPATH_SEARCH_PATHS = (
					"$(inherited)",
					"@executable_path/Frameworks",
				);
				MARKETING_VERSION = 1.0;
				PRODUCT_BUNDLE_IDENTIFIER = "mlb21009a.Know-howForSwift";
				PRODUCT_NAME = "$(TARGET_NAME)";
				SWIFT_EMIT_LOC_STRINGS = YES;
				SWIFT_VERSION = 6.0;
				TARGETED_DEVICE_FAMILY = "1,2";
			};
			name = Release;
		};
		1128B2872DE057AA00BC12DB /* Debug */ = {
			isa = XCBuildConfiguration;
			buildSettings = {
				BUNDLE_LOADER = "$(TEST_HOST)";
				CODE_SIGN_STYLE = Automatic;
				CURRENT_PROJECT_VERSION = 1;
				GENERATE_INFOPLIST_FILE = YES;
				IPHONEOS_DEPLOYMENT_TARGET = 18.4;
				MARKETING_VERSION = 1.0;
				PRODUCT_BUNDLE_IDENTIFIER = "mlb21009a.Know-howForSwiftTests";
				PRODUCT_NAME = "$(TARGET_NAME)";
				SWIFT_EMIT_LOC_STRINGS = NO;
				SWIFT_VERSION = 6.0;
				TARGETED_DEVICE_FAMILY = "1,2";
				TEST_HOST = "$(BUILT_PRODUCTS_DIR)/Know-howForSwift.app/$(BUNDLE_EXECUTABLE_FOLDER_PATH)/Know-howForSwift";
			};
			name = Debug;
		};
		1128B2882DE057AA00BC12DB /* Release */ = {
			isa = XCBuildConfiguration;
			buildSettings = {
				BUNDLE_LOADER = "$(TEST_HOST)";
				CODE_SIGN_STYLE = Automatic;
				CURRENT_PROJECT_VERSION = 1;
				GENERATE_INFOPLIST_FILE = YES;
				IPHONEOS_DEPLOYMENT_TARGET = 18.4;
				MARKETING_VERSION = 1.0;
				PRODUCT_BUNDLE_IDENTIFIER = "mlb21009a.Know-howForSwiftTests";
				PRODUCT_NAME = "$(TARGET_NAME)";
				SWIFT_EMIT_LOC_STRINGS = NO;
				SWIFT_VERSION = 6.0;
				TARGETED_DEVICE_FAMILY = "1,2";
				TEST_HOST = "$(BUILT_PRODUCTS_DIR)/Know-howForSwift.app/$(BUNDLE_EXECUTABLE_FOLDER_PATH)/Know-howForSwift";
			};
			name = Release;
		};
		1128B28A2DE057AA00BC12DB /* Debug */ = {
			isa = XCBuildConfiguration;
			buildSettings = {
				CODE_SIGN_STYLE = Automatic;
				CURRENT_PROJECT_VERSION = 1;
				GENERATE_INFOPLIST_FILE = YES;
				MARKETING_VERSION = 1.0;
				PRODUCT_BUNDLE_IDENTIFIER = "mlb21009a.Know-howForSwiftUITests";
				PRODUCT_NAME = "$(TARGET_NAME)";
				SWIFT_EMIT_LOC_STRINGS = NO;
				SWIFT_VERSION = 6.0;
				TARGETED_DEVICE_FAMILY = "1,2";
				TEST_TARGET_NAME = "Know-howForSwift";
			};
			name = Debug;
		};
		1128B28B2DE057AA00BC12DB /* Release */ = {
			isa = XCBuildConfiguration;
			buildSettings = {
				CODE_SIGN_STYLE = Automatic;
				CURRENT_PROJECT_VERSION = 1;
				GENERATE_INFOPLIST_FILE = YES;
				MARKETING_VERSION = 1.0;
				PRODUCT_BUNDLE_IDENTIFIER = "mlb21009a.Know-howForSwiftUITests";
				PRODUCT_NAME = "$(TARGET_NAME)";
				SWIFT_EMIT_LOC_STRINGS = NO;
				SWIFT_VERSION = 6.0;
				TARGETED_DEVICE_FAMILY = "1,2";
				TEST_TARGET_NAME = "Know-howForSwift";
			};
			name = Release;
		};
/* End XCBuildConfiguration section */

/* Begin XCConfigurationList section */
		1128B25D2DE057A800BC12DB /* Build configuration list for PBXProject "Know-howForSwift" */ = {
			isa = XCConfigurationList;
			buildConfigurations = (
				1128B2812DE057AA00BC12DB /* Debug */,
				1128B2822DE057AA00BC12DB /* Release */,
			);
			defaultConfigurationIsVisible = 0;
			defaultConfigurationName = Release;
		};
		1128B2832DE057AA00BC12DB /* Build configuration list for PBXNativeTarget "Know-howForSwift" */ = {
			isa = XCConfigurationList;
			buildConfigurations = (
				1128B2842DE057AA00BC12DB /* Debug */,
				1128B2852DE057AA00BC12DB /* Release */,
			);
			defaultConfigurationIsVisible = 0;
			defaultConfigurationName = Release;
		};
		1128B2862DE057AA00BC12DB /* Build configuration list for PBXNativeTarget "Know-howForSwiftTests" */ = {
			isa = XCConfigurationList;
			buildConfigurations = (
				1128B2872DE057AA00BC12DB /* Debug */,
				1128B2882DE057AA00BC12DB /* Release */,
			);
			defaultConfigurationIsVisible = 0;
			defaultConfigurationName = Release;
		};
		1128B2892DE057AA00BC12DB /* Build configuration list for PBXNativeTarget "Know-howForSwiftUITests" */ = {
			isa = XCConfigurationList;
			buildConfigurations = (
				1128B28A2DE057AA00BC12DB /* Debug */,
				1128B28B2DE057AA00BC12DB /* Release */,
			);
			defaultConfigurationIsVisible = 0;
			defaultConfigurationName = Release;
		};
/* End XCConfigurationList section */
	};
	rootObject = 1128B25A2DE057A800BC12DB /* Project object */;
}
